# THIS IS AN AUTOGENERATED FILE. DO NOT EDIT THIS FILE DIRECTLY.
# yarn lockfile v1


get-object-value@*:
  version "0.0.14"
  resolved "https://registry.yarnpkg.com/get-object-value/-/get-object-value-0.0.14.tgz#4ae1b3a7e6b359db7a4b209ca9b1fb4a00019597"

get-storage@*:
  version "0.0.4"
  resolved "https://registry.yarnpkg.com/get-storage/-/get-storage-0.0.4.tgz#1c82470f612d0df518c988ec16e57249e5069681"
  dependencies:
    get-object-value "*"
    reshow-runtime "*"

i13n@*:
  version "0.0.27"
  resolved "https://registry.yarnpkg.com/i13n/-/i13n-0.0.27.tgz#81c4766daa81c4d271d4166ff20e363c0769682c"
  dependencies:
    get-object-value "*"
    get-storage "*"
    reshow-flux-base "*"
    reshow-runtime "*"
    set-object-value "*"

mitt@*:
  version "1.1.3"
  resolved "https://registry.yarnpkg.com/mitt/-/mitt-1.1.3.tgz#528c506238a05dce11cd914a741ea2cc332da9b8"

reshow-flux-base@*:
  version "0.0.15"
  resolved "https://registry.yarnpkg.com/reshow-flux-base/-/reshow-flux-base-0.0.15.tgz#76d01f37cc111dded9603644414d786f41bd88bc"
  dependencies:
    mitt "*"
    reshow-runtime "*"

reshow-runtime@*:
  version "0.0.15"
  resolved "https://registry.yarnpkg.com/reshow-runtime/-/reshow-runtime-0.0.15.tgz#32c7a82733df81b8dc25239d3b5c08ee9eaa33ca"

set-object-value@*:
  version "0.0.2"
  resolved "https://registry.yarnpkg.com/set-object-value/-/set-object-value-0.0.2.tgz#4cf8d301207eb664038843a3de5ff518e964318d"
