# THIS IS AN AUTOGENERATED FILE. DO NOT EDIT THIS FILE DIRECTLY.
# yarn lockfile v1


call-func@*:
  version "0.0.4"
  resolved "https://registry.yarnpkg.com/call-func/-/call-func-0.0.4.tgz#3c70ae685575be63eeb085ba0cd7f8d93cbb89a4"
  integrity sha512-r2Q9o9pCplNi3jsmNizZDno10ESQ7YqFLrWb0ENH3y5W/wDdls4Aq7jzPt7Gf7zQqsTqvo0hfL/CEi4nrDXpMg==
  dependencies:
    reshow-constant "*"

get-object-value@*:
  version "0.2.5"
  resolved "https://registry.yarnpkg.com/get-object-value/-/get-object-value-0.2.5.tgz#9f67e049e58a6b62b38e57e2346aaf14b5ccb7b3"
  integrity sha512-h5wePdZXZKd9dbqp9RTxZeqW8a6jCtsALxHLgDw/hXu/MN6/w0x+9SAlXO+fAk6Y497o9dk/tHmaHMtq+IFveA==
  dependencies:
    reshow-constant "*"
    reshow-runtime "*"

get-random-id@*:
  version "0.1.0"
  resolved "https://registry.yarnpkg.com/get-random-id/-/get-random-id-0.1.0.tgz#63f52aceff6d427d52c5476f1ad2c5dbbf377572"
  integrity sha512-nAQUS+woxX33ptlBVYh+DxUcaT1k4dBwfhLrDxEIXjJQlPmdiIuHGc9ylC/Q2RdniY/VVAVkbauc/wCegEHbIw==

get-storage@*:
  version "0.2.0"
  resolved "https://registry.yarnpkg.com/get-storage/-/get-storage-0.2.0.tgz#344f645eff1b0211dc0d12830adb4bedf17c0da6"
  integrity sha512-M9yyY0IfWqGyQ+0w2nzGFyLnmL9Uln5txxwvqvYAm+JDe+HLETrX4I14w90c2nmwkFGwlvjk1WizWgUty2eseg==
  dependencies:
    get-object-value "*"
    reshow-constant "*"
    reshow-runtime "*"
    win-doc "*"

i13n@*:
  version "1.5.2"
  resolved "https://registry.yarnpkg.com/i13n/-/i13n-1.5.2.tgz#71fd26aa8fba83337f886513480c0e91769b9a6f"
  integrity sha512-EtV9gPg1vZS7q+fsOQ7bvk3vKh7ShYDazNNsPwSn8m/QA8uZsZEbvMqMlEiIDUNUefYq9t0cBBpt6oa30m49Ag==
  dependencies:
    get-object-value "*"
    get-random-id "*"
    get-storage "*"
    reshow-constant "*"
    reshow-flux-base "*"
    reshow-runtime "*"
    set-object-value "*"
    win-doc "*"

regenerator-runtime@^0.13.4:
  version "0.13.9"
  resolved "https://registry.yarnpkg.com/regenerator-runtime/-/regenerator-runtime-0.13.9.tgz#8925742a98ffd90814988d7566ad30ca3b263b52"
  integrity sha512-p3VT+cOEgxFsRRA9X4lkI1E+k2/CtnKtU4gcxyaCUreilL/vqI6CdZ3wxVUx3UOUg+gnUOQQcRI7BmSI656MYA==

reshow-constant@*:
  version "0.0.5"
  resolved "https://registry.yarnpkg.com/reshow-constant/-/reshow-constant-0.0.5.tgz#fbc9ba458b57befba0a275893d2f016d0821b00a"
  integrity sha512-PRwvxfln60W897Z8puaZhWhY4wrP6Mb+c8Wu+9n1yBgn+//6GP8AhW/xMdsy+MyM2HcTJ8d1iTmvr/G4Pm2NyA==

reshow-flux-base@*:
  version "0.3.7"
  resolved "https://registry.yarnpkg.com/reshow-flux-base/-/reshow-flux-base-0.3.7.tgz#9bc43c53fb47f3db8a853e611ae3109ca78b8098"
  integrity sha512-FRQtqo7DYxDSp4iXVVrIoSP512Rfx8Yt09jAUFjnbrIaH6SUjZQKVLnGg06otN4KBZa7czpHxEA47QfGP5sHdQ==
  dependencies:
    call-func "*"
    reshow-constant "*"
    reshow-runtime "*"

reshow-runtime@*:
  version "0.3.1"
  resolved "https://registry.yarnpkg.com/reshow-runtime/-/reshow-runtime-0.3.1.tgz#061c7ad37d4724f854ec293c20cef4a644d49428"
  integrity sha512-nRK09AHYDzCqBsBqak+9ugOmF8/hcM6OAhV5HLG5LQCYh96YkMcwD5+7QW91tzR19m7bN2H4r90b9qaPG91UYQ==
  dependencies:
    regenerator-runtime "^0.13.4"
    reshow-constant "*"

set-object-value@*:
  version "0.0.6"
  resolved "https://registry.yarnpkg.com/set-object-value/-/set-object-value-0.0.6.tgz#df25db0b4fef495f31e726930f07526ae8951a40"
  integrity sha512-VHyhNbcNcbOKm+1PhQi/+FGzRKMSE5kjmg1IAmgc1jvwAyAQgoYjmT58AuiZKgY8wOjSi9bWrjc7KEEAFUrdig==

win-doc@*:
  version "0.0.7"
  resolved "https://registry.yarnpkg.com/win-doc/-/win-doc-0.0.7.tgz#9fc9183e6b9fadef6e6f9b647f146f737ae74869"
  integrity sha512-Z6qaIuAWHyXXfWCI5MmPWP2OAC41IrfGaCvggtXjl0JrBZlfgtZNSGtsUEBVMVcs6Rp49WTFVIqTdEjB8e7Uhw==
